// !$*UTF8*$!
{
	archiveVersion = 1;
	classes = {
	};
	objectVersion = 46;
	objects = {

/* Begin PBXBuildFile section */
		B3E7B58A1CC2AC0600A0062D /* RNHotupdate.m in Sources */ = {isa = PBXBuildFile; fileRef = B3E7B5891CC2AC0600A0062D /* RNHotupdate.m */; };
		C3E1418721F077FC00665863 /* crypt.c in Sources */ = {isa = PBXBuildFile; fileRef = C3E1416121F077FC00665863 /* crypt.c */; };
		C3E1418821F077FC00665863 /* unzip.c in Sources */ = {isa = PBXBuildFile; fileRef = C3E1416221F077FC00665863 /* unzip.c */; };
		C3E1418921F077FC00665863 /* zip.c in Sources */ = {isa = PBXBuildFile; fileRef = C3E1416321F077FC00665863 /* zip.c */; };
		C3E1418A21F077FC00665863 /* ioapi.c in Sources */ = {isa = PBXBuildFile; fileRef = C3E1416521F077FC00665863 /* ioapi.c */; };
		C3E1418B21F077FC00665863 /* ioapi_buf.c in Sources */ = {isa = PBXBuildFile; fileRef = C3E1416721F077FC00665863 /* ioapi_buf.c */; };
		C3E1418C21F077FC00665863 /* ioapi_mem.c in Sources */ = {isa = PBXBuildFile; fileRef = C3E1416B21F077FC00665863 /* ioapi_mem.c */; };
		C3E1418D21F077FC00665863 /* minishared.c in Sources */ = {isa = PBXBuildFile; fileRef = C3E1416C21F077FC00665863 /* minishared.c */; };
		C3E1418E21F077FC00665863 /* aeskey.c in Sources */ = {isa = PBXBuildFile; fileRef = C3E1417221F077FC00665863 /* aeskey.c */; };
		C3E1418F21F077FC00665863 /* hmac.c in Sources */ = {isa = PBXBuildFile; fileRef = C3E1417321F077FC00665863 /* hmac.c */; };
		C3E1419021F077FC00665863 /* aescrypt.c in Sources */ = {isa = PBXBuildFile; fileRef = C3E1417621F077FC00665863 /* aescrypt.c */; };
		C3E1419121F077FC00665863 /* fileenc.c in Sources */ = {isa = PBXBuildFile; fileRef = C3E1417721F077FC00665863 /* fileenc.c */; };
		C3E1419221F077FC00665863 /* sha1.c in Sources */ = {isa = PBXBuildFile; fileRef = C3E1417921F077FC00665863 /* sha1.c */; };
		C3E1419321F077FC00665863 /* aes_ni.c in Sources */ = {isa = PBXBuildFile; fileRef = C3E1417C21F077FC00665863 /* aes_ni.c */; };
		C3E1419421F077FC00665863 /* prng.c in Sources */ = {isa = PBXBuildFile; fileRef = C3E1417E21F077FC00665863 /* prng.c */; };
		C3E1419521F077FC00665863 /* pwd2key.c in Sources */ = {isa = PBXBuildFile; fileRef = C3E1418021F077FC00665863 /* pwd2key.c */; };
		C3E1419621F077FC00665863 /* aestab.c in Sources */ = {isa = PBXBuildFile; fileRef = C3E1418121F077FC00665863 /* aestab.c */; };
		C3E1419721F077FC00665863 /* SSZipArchive.m in Sources */ = {isa = PBXBuildFile; fileRef = C3E1418621F077FC00665863 /* SSZipArchive.m */; };
		C3E141A121F0780C00665863 /* JSBundleFileManager.m in Sources */ = {isa = PBXBuildFile; fileRef = C3E1419921F0780C00665863 /* JSBundleFileManager.m */; };
		C3E141A321F0780C00665863 /* JSBundleNetWorkManager.m in Sources */ = {isa = PBXBuildFile; fileRef = C3E1419F21F0780C00665863 /* JSBundleNetWorkManager.m */; };
		C3E141A421F0780C00665863 /* JSBundleManager.m in Sources */ = {isa = PBXBuildFile; fileRef = C3E141A021F0780C00665863 /* JSBundleManager.m */; };
/* End PBXBuildFile section */

/* Begin PBXCopyFilesBuildPhase section */
		58B511D91A9E6C8500147676 /* CopyFiles */ = {
			isa = PBXCopyFilesBuildPhase;
			buildActionMask = 2147483647;
			dstPath = "include/$(PRODUCT_NAME)";
			dstSubfolderSpec = 16;
			files = (
			);
			runOnlyForDeploymentPostprocessing = 0;
		};
/* End PBXCopyFilesBuildPhase section */

/* Begin PBXFileReference section */
		134814201AA4EA6300B7C361 /* libRNHotupdate.a */ = {isa = PBXFileReference; explicitFileType = archive.ar; includeInIndex = 0; path = libRNHotupdate.a; sourceTree = BUILT_PRODUCTS_DIR; };
		B3E7B5881CC2AC0600A0062D /* RNHotupdate.h */ = {isa = PBXFileReference; fileEncoding = 4; lastKnownFileType = sourcecode.c.h; path = RNHotupdate.h; sourceTree = "<group>"; };
		B3E7B5891CC2AC0600A0062D /* RNHotupdate.m */ = {isa = PBXFileReference; fileEncoding = 4; lastKnownFileType = sourcecode.c.objc; path = RNHotupdate.m; sourceTree = "<group>"; };
		C3E1415F21F077FC00665863 /* ZipArchive.h */ = {isa = PBXFileReference; fileEncoding = 4; lastKnownFileType = sourcecode.c.h; path = ZipArchive.h; sourceTree = "<group>"; };
		C3E1416121F077FC00665863 /* crypt.c */ = {isa = PBXFileReference; fileEncoding = 4; lastKnownFileType = sourcecode.c.c; path = crypt.c; sourceTree = "<group>"; };
		C3E1416221F077FC00665863 /* unzip.c */ = {isa = PBXFileReference; fileEncoding = 4; lastKnownFileType = sourcecode.c.c; path = unzip.c; sourceTree = "<group>"; };
		C3E1416321F077FC00665863 /* zip.c */ = {isa = PBXFileReference; fileEncoding = 4; lastKnownFileType = sourcecode.c.c; path = zip.c; sourceTree = "<group>"; };
		C3E1416421F077FC00665863 /* minishared.h */ = {isa = PBXFileReference; fileEncoding = 4; lastKnownFileType = sourcecode.c.h; path = minishared.h; sourceTree = "<group>"; };
		C3E1416521F077FC00665863 /* ioapi.c */ = {isa = PBXFileReference; fileEncoding = 4; lastKnownFileType = sourcecode.c.c; path = ioapi.c; sourceTree = "<group>"; };
		C3E1416621F077FC00665863 /* ioapi_mem.h */ = {isa = PBXFileReference; fileEncoding = 4; lastKnownFileType = sourcecode.c.h; path = ioapi_mem.h; sourceTree = "<group>"; };
		C3E1416721F077FC00665863 /* ioapi_buf.c */ = {isa = PBXFileReference; fileEncoding = 4; lastKnownFileType = sourcecode.c.c; path = ioapi_buf.c; sourceTree = "<group>"; };
		C3E1416821F077FC00665863 /* crypt.h */ = {isa = PBXFileReference; fileEncoding = 4; lastKnownFileType = sourcecode.c.h; path = crypt.h; sourceTree = "<group>"; };
		C3E1416921F077FC00665863 /* zip.h */ = {isa = PBXFileReference; fileEncoding = 4; lastKnownFileType = sourcecode.c.h; path = zip.h; sourceTree = "<group>"; };
		C3E1416A21F077FC00665863 /* unzip.h */ = {isa = PBXFileReference; fileEncoding = 4; lastKnownFileType = sourcecode.c.h; path = unzip.h; sourceTree = "<group>"; };
		C3E1416B21F077FC00665863 /* ioapi_mem.c */ = {isa = PBXFileReference; fileEncoding = 4; lastKnownFileType = sourcecode.c.c; path = ioapi_mem.c; sourceTree = "<group>"; };
		C3E1416C21F077FC00665863 /* minishared.c */ = {isa = PBXFileReference; fileEncoding = 4; lastKnownFileType = sourcecode.c.c; path = minishared.c; sourceTree = "<group>"; };
		C3E1416D21F077FC00665863 /* ioapi.h */ = {isa = PBXFileReference; fileEncoding = 4; lastKnownFileType = sourcecode.c.h; path = ioapi.h; sourceTree = "<group>"; };
		C3E1416E21F077FC00665863 /* ioapi_buf.h */ = {isa = PBXFileReference; fileEncoding = 4; lastKnownFileType = sourcecode.c.h; path = ioapi_buf.h; sourceTree = "<group>"; };
		C3E1417021F077FC00665863 /* prng.h */ = {isa = PBXFileReference; fileEncoding = 4; lastKnownFileType = sourcecode.c.h; path = prng.h; sourceTree = "<group>"; };
		C3E1417121F077FC00665863 /* aes_ni.h */ = {isa = PBXFileReference; fileEncoding = 4; lastKnownFileType = sourcecode.c.h; path = aes_ni.h; sourceTree = "<group>"; };
		C3E1417221F077FC00665863 /* aeskey.c */ = {isa = PBXFileReference; fileEncoding = 4; lastKnownFileType = sourcecode.c.c; path = aeskey.c; sourceTree = "<group>"; };
		C3E1417321F077FC00665863 /* hmac.c */ = {isa = PBXFileReference; fileEncoding = 4; lastKnownFileType = sourcecode.c.c; path = hmac.c; sourceTree = "<group>"; };
		C3E1417421F077FC00665863 /* aestab.h */ = {isa = PBXFileReference; fileEncoding = 4; lastKnownFileType = sourcecode.c.h; path = aestab.h; sourceTree = "<group>"; };
		C3E1417521F077FC00665863 /* pwd2key.h */ = {isa = PBXFileReference; fileEncoding = 4; lastKnownFileType = sourcecode.c.h; path = pwd2key.h; sourceTree = "<group>"; };
		C3E1417621F077FC00665863 /* aescrypt.c */ = {isa = PBXFileReference; fileEncoding = 4; lastKnownFileType = sourcecode.c.c; path = aescrypt.c; sourceTree = "<group>"; };
		C3E1417721F077FC00665863 /* fileenc.c */ = {isa = PBXFileReference; fileEncoding = 4; lastKnownFileType = sourcecode.c.c; path = fileenc.c; sourceTree = "<group>"; };
		C3E1417821F077FC00665863 /* aesopt.h */ = {isa = PBXFileReference; fileEncoding = 4; lastKnownFileType = sourcecode.c.h; path = aesopt.h; sourceTree = "<group>"; };
		C3E1417921F077FC00665863 /* sha1.c */ = {isa = PBXFileReference; fileEncoding = 4; lastKnownFileType = sourcecode.c.c; path = sha1.c; sourceTree = "<group>"; };
		C3E1417A21F077FC00665863 /* brg_types.h */ = {isa = PBXFileReference; fileEncoding = 4; lastKnownFileType = sourcecode.c.h; path = brg_types.h; sourceTree = "<group>"; };
		C3E1417B21F077FC00665863 /* hmac.h */ = {isa = PBXFileReference; fileEncoding = 4; lastKnownFileType = sourcecode.c.h; path = hmac.h; sourceTree = "<group>"; };
		C3E1417C21F077FC00665863 /* aes_ni.c */ = {isa = PBXFileReference; fileEncoding = 4; lastKnownFileType = sourcecode.c.c; path = aes_ni.c; sourceTree = "<group>"; };
		C3E1417D21F077FC00665863 /* brg_endian.h */ = {isa = PBXFileReference; fileEncoding = 4; lastKnownFileType = sourcecode.c.h; path = brg_endian.h; sourceTree = "<group>"; };
		C3E1417E21F077FC00665863 /* prng.c */ = {isa = PBXFileReference; fileEncoding = 4; lastKnownFileType = sourcecode.c.c; path = prng.c; sourceTree = "<group>"; };
		C3E1417F21F077FC00665863 /* aes.h */ = {isa = PBXFileReference; fileEncoding = 4; lastKnownFileType = sourcecode.c.h; path = aes.h; sourceTree = "<group>"; };
		C3E1418021F077FC00665863 /* pwd2key.c */ = {isa = PBXFileReference; fileEncoding = 4; lastKnownFileType = sourcecode.c.c; path = pwd2key.c; sourceTree = "<group>"; };
		C3E1418121F077FC00665863 /* aestab.c */ = {isa = PBXFileReference; fileEncoding = 4; lastKnownFileType = sourcecode.c.c; path = aestab.c; sourceTree = "<group>"; };
		C3E1418221F077FC00665863 /* sha1.h */ = {isa = PBXFileReference; fileEncoding = 4; lastKnownFileType = sourcecode.c.h; path = sha1.h; sourceTree = "<group>"; };
		C3E1418321F077FC00665863 /* fileenc.h */ = {isa = PBXFileReference; fileEncoding = 4; lastKnownFileType = sourcecode.c.h; path = fileenc.h; sourceTree = "<group>"; };
		C3E1418421F077FC00665863 /* SSZipArchive.h */ = {isa = PBXFileReference; fileEncoding = 4; lastKnownFileType = sourcecode.c.h; path = SSZipArchive.h; sourceTree = "<group>"; };
		C3E1418521F077FC00665863 /* SSZipCommon.h */ = {isa = PBXFileReference; fileEncoding = 4; lastKnownFileType = sourcecode.c.h; path = SSZipCommon.h; sourceTree = "<group>"; };
		C3E1418621F077FC00665863 /* SSZipArchive.m */ = {isa = PBXFileReference; fileEncoding = 4; lastKnownFileType = sourcecode.c.objc; path = SSZipArchive.m; sourceTree = "<group>"; };
		C3E1419921F0780C00665863 /* JSBundleFileManager.m */ = {isa = PBXFileReference; fileEncoding = 4; lastKnownFileType = sourcecode.c.objc; path = JSBundleFileManager.m; sourceTree = "<group>"; };
		C3E1419B21F0780C00665863 /* JSBundleManager.h */ = {isa = PBXFileReference; fileEncoding = 4; lastKnownFileType = sourcecode.c.h; path = JSBundleManager.h; sourceTree = "<group>"; };
		C3E1419C21F0780C00665863 /* JSBundleNetWorkManager.h */ = {isa = PBXFileReference; fileEncoding = 4; lastKnownFileType = sourcecode.c.h; path = JSBundleNetWorkManager.h; sourceTree = "<group>"; };
		C3E1419D21F0780C00665863 /* JSBundleFileManager.h */ = {isa = PBXFileReference; fileEncoding = 4; lastKnownFileType = sourcecode.c.h; path = JSBundleFileManager.h; sourceTree = "<group>"; };
		C3E1419F21F0780C00665863 /* JSBundleNetWorkManager.m */ = {isa = PBXFileReference; fileEncoding = 4; lastKnownFileType = sourcecode.c.objc; path = JSBundleNetWorkManager.m; sourceTree = "<group>"; };
		C3E141A021F0780C00665863 /* JSBundleManager.m */ = {isa = PBXFileReference; fileEncoding = 4; lastKnownFileType = sourcecode.c.objc; path = JSBundleManager.m; sourceTree = "<group>"; };
/* End PBXFileReference section */

/* Begin PBXFrameworksBuildPhase section */
		58B511D81A9E6C8500147676 /* Frameworks */ = {
			isa = PBXFrameworksBuildPhase;
			buildActionMask = 2147483647;
			files = (
			);
			runOnlyForDeploymentPostprocessing = 0;
		};
/* End PBXFrameworksBuildPhase section */

/* Begin PBXGroup section */
		134814211AA4EA7D00B7C361 /* Products */ = {
			isa = PBXGroup;
			children = (
				134814201AA4EA6300B7C361 /* libRNHotupdate.a */,
			);
			name = Products;
			sourceTree = "<group>";
		};
		58B511D21A9E6C8500147676 = {
			isa = PBXGroup;
			children = (
				C3E1419821F0780C00665863 /* JSBundleManager */,
				C3E1415E21F077FC00665863 /* SSZipArchive */,
				B3E7B5881CC2AC0600A0062D /* RNHotupdate.h */,
				B3E7B5891CC2AC0600A0062D /* RNHotupdate.m */,
				134814211AA4EA7D00B7C361 /* Products */,
			);
			sourceTree = "<group>";
		};
		C3E1415E21F077FC00665863 /* SSZipArchive */ = {
			isa = PBXGroup;
			children = (
				C3E1415F21F077FC00665863 /* ZipArchive.h */,
				C3E1416021F077FC00665863 /* minizip */,
				C3E1418421F077FC00665863 /* SSZipArchive.h */,
				C3E1418521F077FC00665863 /* SSZipCommon.h */,
				C3E1418621F077FC00665863 /* SSZipArchive.m */,
			);
			path = SSZipArchive;
			sourceTree = "<group>";
		};
		C3E1416021F077FC00665863 /* minizip */ = {
			isa = PBXGroup;
			children = (
				C3E1416121F077FC00665863 /* crypt.c */,
				C3E1416221F077FC00665863 /* unzip.c */,
				C3E1416321F077FC00665863 /* zip.c */,
				C3E1416421F077FC00665863 /* minishared.h */,
				C3E1416521F077FC00665863 /* ioapi.c */,
				C3E1416621F077FC00665863 /* ioapi_mem.h */,
				C3E1416721F077FC00665863 /* ioapi_buf.c */,
				C3E1416821F077FC00665863 /* crypt.h */,
				C3E1416921F077FC00665863 /* zip.h */,
				C3E1416A21F077FC00665863 /* unzip.h */,
				C3E1416B21F077FC00665863 /* ioapi_mem.c */,
				C3E1416C21F077FC00665863 /* minishared.c */,
				C3E1416D21F077FC00665863 /* ioapi.h */,
				C3E1416E21F077FC00665863 /* ioapi_buf.h */,
				C3E1416F21F077FC00665863 /* aes */,
			);
			path = minizip;
			sourceTree = "<group>";
		};
		C3E1416F21F077FC00665863 /* aes */ = {
			isa = PBXGroup;
			children = (
				C3E1417021F077FC00665863 /* prng.h */,
				C3E1417121F077FC00665863 /* aes_ni.h */,
				C3E1417221F077FC00665863 /* aeskey.c */,
				C3E1417321F077FC00665863 /* hmac.c */,
				C3E1417421F077FC00665863 /* aestab.h */,
				C3E1417521F077FC00665863 /* pwd2key.h */,
				C3E1417621F077FC00665863 /* aescrypt.c */,
				C3E1417721F077FC00665863 /* fileenc.c */,
				C3E1417821F077FC00665863 /* aesopt.h */,
				C3E1417921F077FC00665863 /* sha1.c */,
				C3E1417A21F077FC00665863 /* brg_types.h */,
				C3E1417B21F077FC00665863 /* hmac.h */,
				C3E1417C21F077FC00665863 /* aes_ni.c */,
				C3E1417D21F077FC00665863 /* brg_endian.h */,
				C3E1417E21F077FC00665863 /* prng.c */,
				C3E1417F21F077FC00665863 /* aes.h */,
				C3E1418021F077FC00665863 /* pwd2key.c */,
				C3E1418121F077FC00665863 /* aestab.c */,
				C3E1418221F077FC00665863 /* sha1.h */,
				C3E1418321F077FC00665863 /* fileenc.h */,
			);
			path = aes;
			sourceTree = "<group>";
		};
		C3E1419821F0780C00665863 /* JSBundleManager */ = {
			isa = PBXGroup;
			children = (
				C3E1419921F0780C00665863 /* JSBundleFileManager.m */,
				C3E1419B21F0780C00665863 /* JSBundleManager.h */,
				C3E1419C21F0780C00665863 /* JSBundleNetWorkManager.h */,
				C3E1419D21F0780C00665863 /* JSBundleFileManager.h */,
				C3E1419F21F0780C00665863 /* JSBundleNetWorkManager.m */,
				C3E141A021F0780C00665863 /* JSBundleManager.m */,
			);
			path = JSBundleManager;
			sourceTree = "<group>";
		};
/* End PBXGroup section */

/* Begin PBXNativeTarget section */
		58B511DA1A9E6C8500147676 /* RNHotupdate */ = {
			isa = PBXNativeTarget;
			buildConfigurationList = 58B511EF1A9E6C8500147676 /* Build configuration list for PBXNativeTarget "RNHotupdate" */;
			buildPhases = (
				58B511D71A9E6C8500147676 /* Sources */,
				58B511D81A9E6C8500147676 /* Frameworks */,
				58B511D91A9E6C8500147676 /* CopyFiles */,
			);
			buildRules = (
			);
			dependencies = (
			);
			name = RNHotupdate;
			productName = RCTDataManager;
			productReference = 134814201AA4EA6300B7C361 /* libRNHotupdate.a */;
			productType = "com.apple.product-type.library.static";
		};
/* End PBXNativeTarget section */

/* Begin PBXProject section */
		58B511D31A9E6C8500147676 /* Project object */ = {
			isa = PBXProject;
			attributes = {
				LastUpgradeCheck = 0830;
				ORGANIZATIONNAME = Facebook;
				TargetAttributes = {
					58B511DA1A9E6C8500147676 = {
						CreatedOnToolsVersion = 6.1.1;
					};
				};
			};
			buildConfigurationList = 58B511D61A9E6C8500147676 /* Build configuration list for PBXProject "RNHotupdate" */;
			compatibilityVersion = "Xcode 3.2";
			developmentRegion = English;
			hasScannedForEncodings = 0;
			knownRegions = (
				en,
			);
			mainGroup = 58B511D21A9E6C8500147676;
			productRefGroup = 58B511D21A9E6C8500147676;
			projectDirPath = "";
			projectRoot = "";
			targets = (
				58B511DA1A9E6C8500147676 /* RNHotupdate */,
			);
		};
/* End PBXProject section */

/* Begin PBXSourcesBuildPhase section */
		58B511D71A9E6C8500147676 /* Sources */ = {
			isa = PBXSourcesBuildPhase;
			buildActionMask = 2147483647;
			files = (
				C3E1419521F077FC00665863 /* pwd2key.c in Sources */,
				C3E1419421F077FC00665863 /* prng.c in Sources */,
				C3E1419721F077FC00665863 /* SSZipArchive.m in Sources */,
				C3E141A421F0780C00665863 /* JSBundleManager.m in Sources */,
				C3E1419321F077FC00665863 /* aes_ni.c in Sources */,
				C3E1419221F077FC00665863 /* sha1.c in Sources */,
				C3E1419121F077FC00665863 /* fileenc.c in Sources */,
				C3E1418F21F077FC00665863 /* hmac.c in Sources */,
				C3E1418B21F077FC00665863 /* ioapi_buf.c in Sources */,
				C3E141A121F0780C00665863 /* JSBundleFileManager.m in Sources */,
				C3E1418D21F077FC00665863 /* minishared.c in Sources */,
				C3E1419621F077FC00665863 /* aestab.c in Sources */,
				C3E1418821F077FC00665863 /* unzip.c in Sources */,
				C3E1419021F077FC00665863 /* aescrypt.c in Sources */,
				C3E141A321F0780C00665863 /* JSBundleNetWorkManager.m in Sources */,
				C3E1418921F077FC00665863 /* zip.c in Sources */,
				C3E1418C21F077FC00665863 /* ioapi_mem.c in Sources */,
				C3E1418721F077FC00665863 /* crypt.c in Sources */,
				C3E1418E21F077FC00665863 /* aeskey.c in Sources */,
				B3E7B58A1CC2AC0600A0062D /* RNHotupdate.m in Sources */,
				C3E1418A21F077FC00665863 /* ioapi.c in Sources */,
			);
			runOnlyForDeploymentPostprocessing = 0;
		};
/* End PBXSourcesBuildPhase section */

/* Begin XCBuildConfiguration section */
		58B511ED1A9E6C8500147676 /* Debug */ = {
			isa = XCBuildConfiguration;
			buildSettings = {
				ALWAYS_SEARCH_USER_PATHS = NO;
				CLANG_CXX_LANGUAGE_STANDARD = "gnu++0x";
				CLANG_CXX_LIBRARY = "libc++";
				CLANG_ENABLE_MODULES = YES;
				CLANG_ENABLE_OBJC_ARC = YES;
				CLANG_WARN_BOOL_CONVERSION = YES;
				CLANG_WARN_CONSTANT_CONVERSION = YES;
				CLANG_WARN_DIRECT_OBJC_ISA_USAGE = YES_ERROR;
				CLANG_WARN_EMPTY_BODY = YES;
				CLANG_WARN_ENUM_CONVERSION = YES;
				CLANG_WARN_INFINITE_RECURSION = YES;
				CLANG_WARN_INT_CONVERSION = YES;
				CLANG_WARN_OBJC_ROOT_CLASS = YES_ERROR;
				CLANG_WARN_SUSPICIOUS_MOVE = YES;
				CLANG_WARN_UNREACHABLE_CODE = YES;
				CLANG_WARN__DUPLICATE_METHOD_MATCH = YES;
				COPY_PHASE_STRIP = NO;
				ENABLE_STRICT_OBJC_MSGSEND = YES;
				ENABLE_TESTABILITY = YES;
				GCC_C_LANGUAGE_STANDARD = gnu99;
				GCC_DYNAMIC_NO_PIC = NO;
				GCC_NO_COMMON_BLOCKS = YES;
				GCC_OPTIMIZATION_LEVEL = 0;
				GCC_PREPROCESSOR_DEFINITIONS = (
					"DEBUG=1",
					"$(inherited)",
				);
				GCC_SYMBOLS_PRIVATE_EXTERN = NO;
				GCC_WARN_64_TO_32_BIT_CONVERSION = YES;
				GCC_WARN_ABOUT_RETURN_TYPE = YES_ERROR;
				GCC_WARN_UNDECLARED_SELECTOR = YES;
				GCC_WARN_UNINITIALIZED_AUTOS = YES_AGGRESSIVE;
				GCC_WARN_UNUSED_FUNCTION = YES;
				GCC_WARN_UNUSED_VARIABLE = YES;
				IPHONEOS_DEPLOYMENT_TARGET = 8.0;
				MTL_ENABLE_DEBUG_INFO = YES;
				ONLY_ACTIVE_ARCH = YES;
				SDKROOT = iphoneos;
			};
			name = Debug;
		};
		58B511EE1A9E6C8500147676 /* Release */ = {
			isa = XCBuildConfiguration;
			buildSettings = {
				ALWAYS_SEARCH_USER_PATHS = NO;
				CLANG_CXX_LANGUAGE_STANDARD = "gnu++0x";
				CLANG_CXX_LIBRARY = "libc++";
				CLANG_ENABLE_MODULES = YES;
				CLANG_ENABLE_OBJC_ARC = YES;
				CLANG_WARN_BOOL_CONVERSION = YES;
				CLANG_WARN_CONSTANT_CONVERSION = YES;
				CLANG_WARN_DIRECT_OBJC_ISA_USAGE = YES_ERROR;
				CLANG_WARN_EMPTY_BODY = YES;
				CLANG_WARN_ENUM_CONVERSION = YES;
				CLANG_WARN_INFINITE_RECURSION = YES;
				CLANG_WARN_INT_CONVERSION = YES;
				CLANG_WARN_OBJC_ROOT_CLASS = YES_ERROR;
				CLANG_WARN_SUSPICIOUS_MOVE = YES;
				CLANG_WARN_UNREACHABLE_CODE = YES;
				CLANG_WARN__DUPLICATE_METHOD_MATCH = YES;
				COPY_PHASE_STRIP = YES;
				ENABLE_NS_ASSERTIONS = NO;
				ENABLE_STRICT_OBJC_MSGSEND = YES;
				GCC_C_LANGUAGE_STANDARD = gnu99;
				GCC_NO_COMMON_BLOCKS = YES;
				GCC_WARN_64_TO_32_BIT_CONVERSION = YES;
				GCC_WARN_ABOUT_RETURN_TYPE = YES_ERROR;
				GCC_WARN_UNDECLARED_SELECTOR = YES;
				GCC_WARN_UNINITIALIZED_AUTOS = YES_AGGRESSIVE;
				GCC_WARN_UNUSED_FUNCTION = YES;
				GCC_WARN_UNUSED_VARIABLE = YES;
				IPHONEOS_DEPLOYMENT_TARGET = 8.0;
				MTL_ENABLE_DEBUG_INFO = NO;
				SDKROOT = iphoneos;
				VALIDATE_PRODUCT = YES;
			};
			name = Release;
		};
		58B511F01A9E6C8500147676 /* Debug */ = {
			isa = XCBuildConfiguration;
			buildSettings = {
				HEADER_SEARCH_PATHS = (
					"$(inherited)",
					/Applications/Xcode.app/Contents/Developer/Toolchains/XcodeDefault.xctoolchain/usr/include,
					"$(SRCROOT)/../../../React/**",
					"$(SRCROOT)/../../react-native/React/**",
				);
				LIBRARY_SEARCH_PATHS = "$(inherited)";
				OTHER_LDFLAGS = (
					"$(inherited)",
					"-ObjC",
					"-lc++",
				);
				PRODUCT_NAME = RNHotupdate;
				SKIP_INSTALL = YES;
			};
			name = Debug;
		};
		58B511F11A9E6C8500147676 /* Release */ = {
			isa = XCBuildConfiguration;
			buildSettings = {
				HEADER_SEARCH_PATHS = (
					"$(inherited)",
					/Applications/Xcode.app/Contents/Developer/Toolchains/XcodeDefault.xctoolchain/usr/include,
					"$(SRCROOT)/../../../React/**",
					"$(SRCROOT)/../../react-native/React/**",
				);
				LIBRARY_SEARCH_PATHS = "$(inherited)";
				OTHER_LDFLAGS = (
					"$(inherited)",
					"-ObjC",
					"-lc++",
				);
				PRODUCT_NAME = RNHotupdate;
				SKIP_INSTALL = YES;
			};
			name = Release;
		};
/* End XCBuildConfiguration section */

/* Begin XCConfigurationList section */
		58B511D61A9E6C8500147676 /* Build configuration list for PBXProject "RNHotupdate" */ = {
			isa = XCConfigurationList;
			buildConfigurations = (
				58B511ED1A9E6C8500147676 /* Debug */,
				58B511EE1A9E6C8500147676 /* Release */,
			);
			defaultConfigurationIsVisible = 0;
			defaultConfigurationName = Release;
		};
		58B511EF1A9E6C8500147676 /* Build configuration list for PBXNativeTarget "RNHotupdate" */ = {
			isa = XCConfigurationList;
			buildConfigurations = (
				58B511F01A9E6C8500147676 /* Debug */,
				58B511F11A9E6C8500147676 /* Release */,
			);
			defaultConfigurationIsVisible = 0;
			defaultConfigurationName = Release;
		};
/* End XCConfigurationList section */
	};
	rootObject = 58B511D31A9E6C8500147676 /* Project object */;
}
